// !$*UTF8*$!
{
	archiveVersion = 1;
	classes = {
	};
	objectVersion = 56;
	objects = {

/* Begin PBXBuildFile section */
		06678CB82AF8C0A20041C109 /* URLSessionFactory.swift in Sources */ = {isa = PBXBuildFile; fileRef = 06678CA02AF8C0A20041C109 /* URLSessionFactory.swift */; };
		06678CB92AF8C0A20041C109 /* Network.swift in Sources */ = {isa = PBXBuildFile; fileRef = 06678CA12AF8C0A20041C109 /* Network.swift */; };
		06678CBA2AF8C0A20041C109 /* ApiHeaders.swift in Sources */ = {isa = PBXBuildFile; fileRef = 06678CA32AF8C0A20041C109 /* ApiHeaders.swift */; };
		06678CBB2AF8C0A20041C109 /* NetworkDataResponse.swift in Sources */ = {isa = PBXBuildFile; fileRef = 06678CA42AF8C0A20041C109 /* NetworkDataResponse.swift */; };
		06678CBC2AF8C0A20041C109 /* TataNetworkJsonResponse.swift in Sources */ = {isa = PBXBuildFile; fileRef = 06678CA52AF8C0A20041C109 /* TataNetworkJsonResponse.swift */; };
		06678CBD2AF8C0A20041C109 /* ApiEndpointPath.swift in Sources */ = {isa = PBXBuildFile; fileRef = 06678CA62AF8C0A20041C109 /* ApiEndpointPath.swift */; };
		06678CBE2AF8C0A20041C109 /* JsonFactory.swift in Sources */ = {isa = PBXBuildFile; fileRef = 06678CA72AF8C0A20041C109 /* JsonFactory.swift */; };
		06678CBF2AF8C0A20041C109 /* TataNetworkRequest.swift in Sources */ = {isa = PBXBuildFile; fileRef = 06678CA92AF8C0A20041C109 /* TataNetworkRequest.swift */; };
		06678CC02AF8C0A20041C109 /* BaseNetworkRequest.swift in Sources */ = {isa = PBXBuildFile; fileRef = 06678CAA2AF8C0A20041C109 /* BaseNetworkRequest.swift */; };
		06678CC12AF8C0A20041C109 /* NetworkRequest.swift in Sources */ = {isa = PBXBuildFile; fileRef = 06678CAB2AF8C0A20041C109 /* NetworkRequest.swift */; };
		06678CC22AF8C0A20041C109 /* TataNetworkService.swift in Sources */ = {isa = PBXBuildFile; fileRef = 06678CAD2AF8C0A20041C109 /* TataNetworkService.swift */; };
		06678CC32AF8C0A20041C109 /* NetworkService.swift in Sources */ = {isa = PBXBuildFile; fileRef = 06678CAE2AF8C0A20041C109 /* NetworkService.swift */; };
		06678CC42AF8C0A20041C109 /* SDKError.swift in Sources */ = {isa = PBXBuildFile; fileRef = 06678CAF2AF8C0A20041C109 /* SDKError.swift */; };
		06678CC52AF8C0A20041C109 /* TataSDKManager.swift in Sources */ = {isa = PBXBuildFile; fileRef = 06678CB12AF8C0A20041C109 /* TataSDKManager.swift */; };
		06678CC62AF8C0A20041C109 /* ApiService.swift in Sources */ = {isa = PBXBuildFile; fileRef = 06678CB22AF8C0A20041C109 /* ApiService.swift */; };
		06678CC72AF8C0A20041C109 /* LogEventApiService.swift in Sources */ = {isa = PBXBuildFile; fileRef = 06678CB42AF8C0A20041C109 /* LogEventApiService.swift */; };
		06678CC82AF8C0A20041C109 /* LogEventResponse.swift in Sources */ = {isa = PBXBuildFile; fileRef = 06678CB52AF8C0A20041C109 /* LogEventResponse.swift */; };
		06678CC92AF8C0A20041C109 /* EventRequest.swift in Sources */ = {isa = PBXBuildFile; fileRef = 06678CB62AF8C0A20041C109 /* EventRequest.swift */; };
		06678CCA2AF8C0A20041C109 /* EventRequestBody.swift in Sources */ = {isa = PBXBuildFile; fileRef = 06678CB72AF8C0A20041C109 /* EventRequestBody.swift */; };
		06F61B282AF8ADA100D41721 /* PSL_Engage_SDK.h in Headers */ = {isa = PBXBuildFile; fileRef = 06F61B272AF8ADA100D41721 /* PSL_Engage_SDK.h */; settings = {ATTRIBUTES = (Public, ); }; };
/* End PBXBuildFile section */

/* Begin PBXFileReference section */
		06678CA02AF8C0A20041C109 /* URLSessionFactory.swift */ = {isa = PBXFileReference; fileEncoding = 4; lastKnownFileType = sourcecode.swift; path = URLSessionFactory.swift; sourceTree = "<group>"; };
		06678CA12AF8C0A20041C109 /* Network.swift */ = {isa = PBXFileReference; fileEncoding = 4; lastKnownFileType = sourcecode.swift; path = Network.swift; sourceTree = "<group>"; };
		06678CA32AF8C0A20041C109 /* ApiHeaders.swift */ = {isa = PBXFileReference; fileEncoding = 4; lastKnownFileType = sourcecode.swift; path = ApiHeaders.swift; sourceTree = "<group>"; };
		06678CA42AF8C0A20041C109 /* NetworkDataResponse.swift */ = {isa = PBXFileReference; fileEncoding = 4; lastKnownFileType = sourcecode.swift; path = NetworkDataResponse.swift; sourceTree = "<group>"; };
		06678CA52AF8C0A20041C109 /* TataNetworkJsonResponse.swift */ = {isa = PBXFileReference; fileEncoding = 4; lastKnownFileType = sourcecode.swift; path = TataNetworkJsonResponse.swift; sourceTree = "<group>"; };
		06678CA62AF8C0A20041C109 /* ApiEndpointPath.swift */ = {isa = PBXFileReference; fileEncoding = 4; lastKnownFileType = sourcecode.swift; path = ApiEndpointPath.swift; sourceTree = "<group>"; };
		06678CA72AF8C0A20041C109 /* JsonFactory.swift */ = {isa = PBXFileReference; fileEncoding = 4; lastKnownFileType = sourcecode.swift; path = JsonFactory.swift; sourceTree = "<group>"; };
		06678CA92AF8C0A20041C109 /* TataNetworkRequest.swift */ = {isa = PBXFileReference; fileEncoding = 4; lastKnownFileType = sourcecode.swift; path = TataNetworkRequest.swift; sourceTree = "<group>"; };
		06678CAA2AF8C0A20041C109 /* BaseNetworkRequest.swift */ = {isa = PBXFileReference; fileEncoding = 4; lastKnownFileType = sourcecode.swift; path = BaseNetworkRequest.swift; sourceTree = "<group>"; };
		06678CAB2AF8C0A20041C109 /* NetworkRequest.swift */ = {isa = PBXFileReference; fileEncoding = 4; lastKnownFileType = sourcecode.swift; path = NetworkRequest.swift; sourceTree = "<group>"; };
		06678CAD2AF8C0A20041C109 /* TataNetworkService.swift */ = {isa = PBXFileReference; fileEncoding = 4; lastKnownFileType = sourcecode.swift; path = TataNetworkService.swift; sourceTree = "<group>"; };
		06678CAE2AF8C0A20041C109 /* NetworkService.swift */ = {isa = PBXFileReference; fileEncoding = 4; lastKnownFileType = sourcecode.swift; path = NetworkService.swift; sourceTree = "<group>"; };
		06678CAF2AF8C0A20041C109 /* SDKError.swift */ = {isa = PBXFileReference; fileEncoding = 4; lastKnownFileType = sourcecode.swift; path = SDKError.swift; sourceTree = "<group>"; };
		06678CB12AF8C0A20041C109 /* TataSDKManager.swift */ = {isa = PBXFileReference; fileEncoding = 4; lastKnownFileType = sourcecode.swift; path = TataSDKManager.swift; sourceTree = "<group>"; };
		06678CB22AF8C0A20041C109 /* ApiService.swift */ = {isa = PBXFileReference; fileEncoding = 4; lastKnownFileType = sourcecode.swift; path = ApiService.swift; sourceTree = "<group>"; };
		06678CB42AF8C0A20041C109 /* LogEventApiService.swift */ = {isa = PBXFileReference; fileEncoding = 4; lastKnownFileType = sourcecode.swift; path = LogEventApiService.swift; sourceTree = "<group>"; };
		06678CB52AF8C0A20041C109 /* LogEventResponse.swift */ = {isa = PBXFileReference; fileEncoding = 4; lastKnownFileType = sourcecode.swift; path = LogEventResponse.swift; sourceTree = "<group>"; };
		06678CB62AF8C0A20041C109 /* EventRequest.swift */ = {isa = PBXFileReference; fileEncoding = 4; lastKnownFileType = sourcecode.swift; path = EventRequest.swift; sourceTree = "<group>"; };
		06678CB72AF8C0A20041C109 /* EventRequestBody.swift */ = {isa = PBXFileReference; fileEncoding = 4; lastKnownFileType = sourcecode.swift; path = EventRequestBody.swift; sourceTree = "<group>"; };
		06F61B242AF8ADA100D41721 /* PSL_Engage_SDK.framework */ = {isa = PBXFileReference; explicitFileType = wrapper.framework; includeInIndex = 0; path = PSL_Engage_SDK.framework; sourceTree = BUILT_PRODUCTS_DIR; };
		06F61B272AF8ADA100D41721 /* PSL_Engage_SDK.h */ = {isa = PBXFileReference; lastKnownFileType = sourcecode.c.h; path = PSL_Engage_SDK.h; sourceTree = "<group>"; };
/* End PBXFileReference section */

/* Begin PBXFrameworksBuildPhase section */
		06F61B212AF8ADA100D41721 /* Frameworks */ = {
			isa = PBXFrameworksBuildPhase;
			buildActionMask = 2147483647;
			files = (
			);
			runOnlyForDeploymentPostprocessing = 0;
		};
/* End PBXFrameworksBuildPhase section */

/* Begin PBXGroup section */
		06678C9E2AF8C0A20041C109 /* Internal */ = {
			isa = PBXGroup;
			children = (
				06678C9F2AF8C0A20041C109 /* Network */,
			);
			path = Internal;
			sourceTree = "<group>";
		};
		06678C9F2AF8C0A20041C109 /* Network */ = {
			isa = PBXGroup;
			children = (
				06678CA02AF8C0A20041C109 /* URLSessionFactory.swift */,
				06678CA12AF8C0A20041C109 /* Network.swift */,
				06678CA22AF8C0A20041C109 /* Model */,
				06678CA72AF8C0A20041C109 /* JsonFactory.swift */,
				06678CA82AF8C0A20041C109 /* Request */,
				06678CAC2AF8C0A20041C109 /* Service */,
				06678CAF2AF8C0A20041C109 /* SDKError.swift */,
			);
			path = Network;
			sourceTree = "<group>";
		};
		06678CA22AF8C0A20041C109 /* Model */ = {
			isa = PBXGroup;
			children = (
				06678CA32AF8C0A20041C109 /* ApiHeaders.swift */,
				06678CA42AF8C0A20041C109 /* NetworkDataResponse.swift */,
				06678CA52AF8C0A20041C109 /* TataNetworkJsonResponse.swift */,
				06678CA62AF8C0A20041C109 /* ApiEndpointPath.swift */,
			);
			path = Model;
			sourceTree = "<group>";
		};
		06678CA82AF8C0A20041C109 /* Request */ = {
			isa = PBXGroup;
			children = (
				06678CA92AF8C0A20041C109 /* TataNetworkRequest.swift */,
				06678CAA2AF8C0A20041C109 /* BaseNetworkRequest.swift */,
				06678CAB2AF8C0A20041C109 /* NetworkRequest.swift */,
			);
			path = Request;
			sourceTree = "<group>";
		};
		06678CAC2AF8C0A20041C109 /* Service */ = {
			isa = PBXGroup;
			children = (
				06678CAD2AF8C0A20041C109 /* TataNetworkService.swift */,
				06678CAE2AF8C0A20041C109 /* NetworkService.swift */,
			);
			path = Service;
			sourceTree = "<group>";
		};
		06678CB02AF8C0A20041C109 /* Public */ = {
			isa = PBXGroup;
			children = (
				06678CB12AF8C0A20041C109 /* TataSDKManager.swift */,
				06678CB22AF8C0A20041C109 /* ApiService.swift */,
				06678CB32AF8C0A20041C109 /* EventApi */,
			);
			path = Public;
			sourceTree = "<group>";
		};
		06678CB32AF8C0A20041C109 /* EventApi */ = {
			isa = PBXGroup;
			children = (
				06678CB42AF8C0A20041C109 /* LogEventApiService.swift */,
				06678CB52AF8C0A20041C109 /* LogEventResponse.swift */,
				06678CB62AF8C0A20041C109 /* EventRequest.swift */,
				06678CB72AF8C0A20041C109 /* EventRequestBody.swift */,
			);
			path = EventApi;
			sourceTree = "<group>";
		};
		06F61B1A2AF8ADA100D41721 = {
			isa = PBXGroup;
			children = (
				06F61B262AF8ADA100D41721 /* PSL-Engage-SDK */,
				06F61B252AF8ADA100D41721 /* Products */,
			);
			sourceTree = "<group>";
		};
		06F61B252AF8ADA100D41721 /* Products */ = {
			isa = PBXGroup;
			children = (
				06F61B242AF8ADA100D41721 /* PSL_Engage_SDK.framework */,
			);
			name = Products;
			sourceTree = "<group>";
		};
		06F61B262AF8ADA100D41721 /* PSL-Engage-SDK */ = {
			isa = PBXGroup;
			children = (
				06678C9E2AF8C0A20041C109 /* Internal */,
				06678CB02AF8C0A20041C109 /* Public */,
				06F61B272AF8ADA100D41721 /* PSL_Engage_SDK.h */,
			);
			path = "PSL-Engage-SDK";
			sourceTree = "<group>";
		};
/* End PBXGroup section */

/* Begin PBXHeadersBuildPhase section */
		06F61B1F2AF8ADA100D41721 /* Headers */ = {
			isa = PBXHeadersBuildPhase;
			buildActionMask = 2147483647;
			files = (
				06F61B282AF8ADA100D41721 /* PSL_Engage_SDK.h in Headers */,
			);
			runOnlyForDeploymentPostprocessing = 0;
		};
/* End PBXHeadersBuildPhase section */

/* Begin PBXNativeTarget section */
		06F61B232AF8ADA100D41721 /* PSL-Engage-SDK */ = {
			isa = PBXNativeTarget;
			buildConfigurationList = 06F61B2B2AF8ADA100D41721 /* Build configuration list for PBXNativeTarget "PSL-Engage-SDK" */;
			buildPhases = (
				06F61B1F2AF8ADA100D41721 /* Headers */,
				06F61B202AF8ADA100D41721 /* Sources */,
				06F61B212AF8ADA100D41721 /* Frameworks */,
				06F61B222AF8ADA100D41721 /* Resources */,
			);
			buildRules = (
			);
			dependencies = (
			);
			name = "PSL-Engage-SDK";
			productName = "PSL-Engage-SDK";
			productReference = 06F61B242AF8ADA100D41721 /* PSL_Engage_SDK.framework */;
			productType = "com.apple.product-type.framework";
		};
/* End PBXNativeTarget section */

/* Begin PBXProject section */
		06F61B1B2AF8ADA100D41721 /* Project object */ = {
			isa = PBXProject;
			attributes = {
				BuildIndependentTargetsInParallel = 1;
				LastUpgradeCheck = 1410;
				TargetAttributes = {
					06F61B232AF8ADA100D41721 = {
						CreatedOnToolsVersion = 14.1;
						LastSwiftMigration = 1410;
					};
				};
			};
			buildConfigurationList = 06F61B1E2AF8ADA100D41721 /* Build configuration list for PBXProject "PSL-Engage-SDK" */;
			compatibilityVersion = "Xcode 14.0";
			developmentRegion = en;
			hasScannedForEncodings = 0;
			knownRegions = (
				en,
				Base,
			);
			mainGroup = 06F61B1A2AF8ADA100D41721;
			productRefGroup = 06F61B252AF8ADA100D41721 /* Products */;
			projectDirPath = "";
			projectRoot = "";
			targets = (
				06F61B232AF8ADA100D41721 /* PSL-Engage-SDK */,
			);
		};
/* End PBXProject section */

/* Begin PBXResourcesBuildPhase section */
		06F61B222AF8ADA100D41721 /* Resources */ = {
			isa = PBXResourcesBuildPhase;
			buildActionMask = 2147483647;
			files = (
			);
			runOnlyForDeploymentPostprocessing = 0;
		};
/* End PBXResourcesBuildPhase section */

/* Begin PBXSourcesBuildPhase section */
		06F61B202AF8ADA100D41721 /* Sources */ = {
			isa = PBXSourcesBuildPhase;
			buildActionMask = 2147483647;
			files = (
				06678CBF2AF8C0A20041C109 /* TataNetworkRequest.swift in Sources */,
				06678CBA2AF8C0A20041C109 /* ApiHeaders.swift in Sources */,
				06678CC82AF8C0A20041C109 /* LogEventResponse.swift in Sources */,
				06678CCA2AF8C0A20041C109 /* EventRequestBody.swift in Sources */,
				06678CC72AF8C0A20041C109 /* LogEventApiService.swift in Sources */,
				06678CC92AF8C0A20041C109 /* EventRequest.swift in Sources */,
				06678CB92AF8C0A20041C109 /* Network.swift in Sources */,
				06678CBE2AF8C0A20041C109 /* JsonFactory.swift in Sources */,
				06678CC12AF8C0A20041C109 /* NetworkRequest.swift in Sources */,
				06678CB82AF8C0A20041C109 /* URLSessionFactory.swift in Sources */,
				06678CBC2AF8C0A20041C109 /* TataNetworkJsonResponse.swift in Sources */,
				06678CBD2AF8C0A20041C109 /* ApiEndpointPath.swift in Sources */,
				06678CC52AF8C0A20041C109 /* TataSDKManager.swift in Sources */,
				06678CC02AF8C0A20041C109 /* BaseNetworkRequest.swift in Sources */,
				06678CC22AF8C0A20041C109 /* TataNetworkService.swift in Sources */,
				06678CC62AF8C0A20041C109 /* ApiService.swift in Sources */,
				06678CC32AF8C0A20041C109 /* NetworkService.swift in Sources */,
				06678CC42AF8C0A20041C109 /* SDKError.swift in Sources */,
				06678CBB2AF8C0A20041C109 /* NetworkDataResponse.swift in Sources */,
			);
			runOnlyForDeploymentPostprocessing = 0;
		};
/* End PBXSourcesBuildPhase section */

/* Begin XCBuildConfiguration section */
		06F61B292AF8ADA100D41721 /* Debug */ = {
			isa = XCBuildConfiguration;
			buildSettings = {
				ALWAYS_SEARCH_USER_PATHS = NO;
				CLANG_ANALYZER_NONNULL = YES;
				CLANG_ANALYZER_NUMBER_OBJECT_CONVERSION = YES_AGGRESSIVE;
				CLANG_CXX_LANGUAGE_STANDARD = "gnu++20";
				CLANG_ENABLE_MODULES = YES;
				CLANG_ENABLE_OBJC_ARC = YES;
				CLANG_ENABLE_OBJC_WEAK = YES;
				CLANG_WARN_BLOCK_CAPTURE_AUTORELEASING = YES;
				CLANG_WARN_BOOL_CONVERSION = YES;
				CLANG_WARN_COMMA = YES;
				CLANG_WARN_CONSTANT_CONVERSION = YES;
				CLANG_WARN_DEPRECATED_OBJC_IMPLEMENTATIONS = YES;
				CLANG_WARN_DIRECT_OBJC_ISA_USAGE = YES_ERROR;
				CLANG_WARN_DOCUMENTATION_COMMENTS = YES;
				CLANG_WARN_EMPTY_BODY = YES;
				CLANG_WARN_ENUM_CONVERSION = YES;
				CLANG_WARN_INFINITE_RECURSION = YES;
				CLANG_WARN_INT_CONVERSION = YES;
				CLANG_WARN_NON_LITERAL_NULL_CONVERSION = YES;
				CLANG_WARN_OBJC_IMPLICIT_RETAIN_SELF = YES;
				CLANG_WARN_OBJC_LITERAL_CONVERSION = YES;
				CLANG_WARN_OBJC_ROOT_CLASS = YES_ERROR;
				CLANG_WARN_QUOTED_INCLUDE_IN_FRAMEWORK_HEADER = YES;
				CLANG_WARN_RANGE_LOOP_ANALYSIS = YES;
				CLANG_WARN_STRICT_PROTOTYPES = YES;
				CLANG_WARN_SUSPICIOUS_MOVE = YES;
				CLANG_WARN_UNGUARDED_AVAILABILITY = YES_AGGRESSIVE;
				CLANG_WARN_UNREACHABLE_CODE = YES;
				CLANG_WARN__DUPLICATE_METHOD_MATCH = YES;
				COPY_PHASE_STRIP = NO;
				CURRENT_PROJECT_VERSION = 1;
				DEBUG_INFORMATION_FORMAT = dwarf;
				ENABLE_STRICT_OBJC_MSGSEND = YES;
				ENABLE_TESTABILITY = YES;
				GCC_C_LANGUAGE_STANDARD = gnu11;
				GCC_DYNAMIC_NO_PIC = NO;
				GCC_NO_COMMON_BLOCKS = YES;
				GCC_OPTIMIZATION_LEVEL = 0;
				GCC_PREPROCESSOR_DEFINITIONS = (
					"DEBUG=1",
					"$(inherited)",
				);
				GCC_WARN_64_TO_32_BIT_CONVERSION = YES;
				GCC_WARN_ABOUT_RETURN_TYPE = YES_ERROR;
				GCC_WARN_UNDECLARED_SELECTOR = YES;
				GCC_WARN_UNINITIALIZED_AUTOS = YES_AGGRESSIVE;
				GCC_WARN_UNUSED_FUNCTION = YES;
				GCC_WARN_UNUSED_VARIABLE = YES;
				IPHONEOS_DEPLOYMENT_TARGET = 16.1;
				MTL_ENABLE_DEBUG_INFO = INCLUDE_SOURCE;
				MTL_FAST_MATH = YES;
				ONLY_ACTIVE_ARCH = YES;
				SDKROOT = iphoneos;
				SWIFT_ACTIVE_COMPILATION_CONDITIONS = DEBUG;
				SWIFT_OPTIMIZATION_LEVEL = "-Onone";
				VERSIONING_SYSTEM = "apple-generic";
				VERSION_INFO_PREFIX = "";
			};
			name = Debug;
		};
		06F61B2A2AF8ADA100D41721 /* Release */ = {
			isa = XCBuildConfiguration;
			buildSettings = {
				ALWAYS_SEARCH_USER_PATHS = NO;
				CLANG_ANALYZER_NONNULL = YES;
				CLANG_ANALYZER_NUMBER_OBJECT_CONVERSION = YES_AGGRESSIVE;
				CLANG_CXX_LANGUAGE_STANDARD = "gnu++20";
				CLANG_ENABLE_MODULES = YES;
				CLANG_ENABLE_OBJC_ARC = YES;
				CLANG_ENABLE_OBJC_WEAK = YES;
				CLANG_WARN_BLOCK_CAPTURE_AUTORELEASING = YES;
				CLANG_WARN_BOOL_CONVERSION = YES;
				CLANG_WARN_COMMA = YES;
				CLANG_WARN_CONSTANT_CONVERSION = YES;
				CLANG_WARN_DEPRECATED_OBJC_IMPLEMENTATIONS = YES;
				CLANG_WARN_DIRECT_OBJC_ISA_USAGE = YES_ERROR;
				CLANG_WARN_DOCUMENTATION_COMMENTS = YES;
				CLANG_WARN_EMPTY_BODY = YES;
				CLANG_WARN_ENUM_CONVERSION = YES;
				CLANG_WARN_INFINITE_RECURSION = YES;
				CLANG_WARN_INT_CONVERSION = YES;
				CLANG_WARN_NON_LITERAL_NULL_CONVERSION = YES;
				CLANG_WARN_OBJC_IMPLICIT_RETAIN_SELF = YES;
				CLANG_WARN_OBJC_LITERAL_CONVERSION = YES;
				CLANG_WARN_OBJC_ROOT_CLASS = YES_ERROR;
				CLANG_WARN_QUOTED_INCLUDE_IN_FRAMEWORK_HEADER = YES;
				CLANG_WARN_RANGE_LOOP_ANALYSIS = YES;
				CLANG_WARN_STRICT_PROTOTYPES = YES;
				CLANG_WARN_SUSPICIOUS_MOVE = YES;
				CLANG_WARN_UNGUARDED_AVAILABILITY = YES_AGGRESSIVE;
				CLANG_WARN_UNREACHABLE_CODE = YES;
				CLANG_WARN__DUPLICATE_METHOD_MATCH = YES;
				COPY_PHASE_STRIP = NO;
				CURRENT_PROJECT_VERSION = 1;
				DEBUG_INFORMATION_FORMAT = "dwarf-with-dsym";
				ENABLE_NS_ASSERTIONS = NO;
				ENABLE_STRICT_OBJC_MSGSEND = YES;
				GCC_C_LANGUAGE_STANDARD = gnu11;
				GCC_NO_COMMON_BLOCKS = YES;
				GCC_WARN_64_TO_32_BIT_CONVERSION = YES;
				GCC_WARN_ABOUT_RETURN_TYPE = YES_ERROR;
				GCC_WARN_UNDECLARED_SELECTOR = YES;
				GCC_WARN_UNINITIALIZED_AUTOS = YES_AGGRESSIVE;
				GCC_WARN_UNUSED_FUNCTION = YES;
				GCC_WARN_UNUSED_VARIABLE = YES;
				IPHONEOS_DEPLOYMENT_TARGET = 16.1;
				MTL_ENABLE_DEBUG_INFO = NO;
				MTL_FAST_MATH = YES;
				SDKROOT = iphoneos;
				SWIFT_COMPILATION_MODE = wholemodule;
				SWIFT_OPTIMIZATION_LEVEL = "-O";
				VALIDATE_PRODUCT = YES;
				VERSIONING_SYSTEM = "apple-generic";
				VERSION_INFO_PREFIX = "";
			};
			name = Release;
		};
		06F61B2C2AF8ADA100D41721 /* Debug */ = {
			isa = XCBuildConfiguration;
			buildSettings = {
				CLANG_ENABLE_MODULES = YES;
				CODE_SIGN_STYLE = Automatic;
				CURRENT_PROJECT_VERSION = 1;
				DEFINES_MODULE = YES;
				DYLIB_COMPATIBILITY_VERSION = 1;
				DYLIB_CURRENT_VERSION = 1;
				DYLIB_INSTALL_NAME_BASE = "@rpath";
				GENERATE_INFOPLIST_FILE = YES;
				INFOPLIST_KEY_NSHumanReadableCopyright = "";
				INSTALL_PATH = "$(LOCAL_LIBRARY_DIR)/Frameworks";
				IPHONEOS_DEPLOYMENT_TARGET = 14.0;
				LD_RUNPATH_SEARCH_PATHS = (
					"$(inherited)",
					"@executable_path/Frameworks",
					"@loader_path/Frameworks",
				);
				MARKETING_VERSION = 1.0;
				PRODUCT_BUNDLE_IDENTIFIER = "com.app.dev.PSL-Engage-SDK";
				PRODUCT_NAME = "$(TARGET_NAME:c99extidentifier)";
				SKIP_INSTALL = YES;
				SWIFT_EMIT_LOC_STRINGS = YES;
				SWIFT_OPTIMIZATION_LEVEL = "-Onone";
				SWIFT_VERSION = 5.0;
				TARGETED_DEVICE_FAMILY = "1,2";
			};
			name = Debug;
		};
		06F61B2D2AF8ADA100D41721 /* Release */ = {
			isa = XCBuildConfiguration;
			buildSettings = {
				CLANG_ENABLE_MODULES = YES;
				CODE_SIGN_STYLE = Automatic;
				CURRENT_PROJECT_VERSION = 1;
				DEFINES_MODULE = YES;
				DYLIB_COMPATIBILITY_VERSION = 1;
				DYLIB_CURRENT_VERSION = 1;
				DYLIB_INSTALL_NAME_BASE = "@rpath";
				GENERATE_INFOPLIST_FILE = YES;
				INFOPLIST_KEY_NSHumanReadableCopyright = "";
				INSTALL_PATH = "$(LOCAL_LIBRARY_DIR)/Frameworks";
				IPHONEOS_DEPLOYMENT_TARGET = 14.0;
				LD_RUNPATH_SEARCH_PATHS = (
					"$(inherited)",
					"@executable_path/Frameworks",
					"@loader_path/Frameworks",
				);
				MARKETING_VERSION = 1.0;
				PRODUCT_BUNDLE_IDENTIFIER = "com.app.dev.PSL-Engage-SDK";
				PRODUCT_NAME = "$(TARGET_NAME:c99extidentifier)";
				SKIP_INSTALL = YES;
				SWIFT_EMIT_LOC_STRINGS = YES;
				SWIFT_VERSION = 5.0;
				TARGETED_DEVICE_FAMILY = "1,2";
			};
			name = Release;
		};
/* End XCBuildConfiguration section */

/* Begin XCConfigurationList section */
		06F61B1E2AF8ADA100D41721 /* Build configuration list for PBXProject "PSL-Engage-SDK" */ = {
			isa = XCConfigurationList;
			buildConfigurations = (
				06F61B292AF8ADA100D41721 /* Debug */,
				06F61B2A2AF8ADA100D41721 /* Release */,
			);
			defaultConfigurationIsVisible = 0;
			defaultConfigurationName = Release;
		};
		06F61B2B2AF8ADA100D41721 /* Build configuration list for PBXNativeTarget "PSL-Engage-SDK" */ = {
			isa = XCConfigurationList;
			buildConfigurations = (
				06F61B2C2AF8ADA100D41721 /* Debug */,
				06F61B2D2AF8ADA100D41721 /* Release */,
			);
			defaultConfigurationIsVisible = 0;
			defaultConfigurationName = Release;
		};
/* End XCConfigurationList section */
	};
	rootObject = 06F61B1B2AF8ADA100D41721 /* Project object */;
}
